
Microsoft Visual Studio Solution File, Format Version 12.00
# Visual Studio 14
VisualStudioVersion = 14.0.25420.1
MinimumVisualStudioVersion = 10.0.40219.1
Project("{FAE04EC0-301F-11D3-BF4B-00C04F79EFBC}") = "Tank", "Tank\Tank.csproj", "{57CDE6CD-8F93-4B5D-BF61-3F2E03B4E0F4}"
EndProject
Project("{FAE04EC0-301F-11D3-BF4B-00C04F79EFBC}") = "TankTests", "TankTests\TankTests.csproj", "{0A50C219-52A4-4C7A-8380-D9390EE17CF3}"
EndProject
Project("{2150E333-8FDC-42A3-9474-1A3956D46DE8}") = "Solution Items", "Solution Items", "{C848652F-9BAB-441F-916D-00124EF158CE}"
	ProjectSection(SolutionItems) = preProject
		Local.testsettings = Local.testsettings
		Tank.vsmdi = Tank.vsmdi
		TraceAndTestImpact.testsettings = TraceAndTestImpact.testsettings
	EndProjectSection
EndProject
Project("{FAE04EC0-301F-11D3-BF4B-00C04F79EFBC}") = "Tank.Console", "Tank.Console\Tank.Console.csproj", "{32548805-ACBE-4EB6-8B4E-6FF1283C0BDB}"
EndProject
Project("{FAE04EC0-301F-11D3-BF4B-00C04F79EFBC}") = "Tank.Web", "Tank.Web\Tank.Web.csproj", "{0D31B3C4-FFCF-4AF8-85E7-B0A80352BBC6}"
EndProject
Project("{FAE04EC0-301F-11D3-BF4B-00C04F79EFBC}") = "BattleNetApi", "BattleNetApi\BattleNetApi.csproj", "{E9AE11C8-DE29-4BBB-9BA4-B83061545678}"
EndProject
Project("{FAE04EC0-301F-11D3-BF4B-00C04F79EFBC}") = "Tank.ItemOptimization", "Tank.ItemOptimization\Tank.ItemOptimization.csproj", "{14A3686F-58BA-4E5D-9B78-F1BBC5296DED}"
EndProject
Global
	GlobalSection(SolutionConfigurationPlatforms) = preSolution
		Debug|Any CPU = Debug|Any CPU
		Debug|Mixed Platforms = Debug|Mixed Platforms
		Debug|x86 = Debug|x86
		Release|Any CPU = Release|Any CPU
		Release|Mixed Platforms = Release|Mixed Platforms
		Release|x86 = Release|x86
	EndGlobalSection
	GlobalSection(ProjectConfigurationPlatforms) = postSolution
		{57CDE6CD-8F93-4B5D-BF61-3F2E03B4E0F4}.Debug|Any CPU.ActiveCfg = Debug|x86
		{57CDE6CD-8F93-4B5D-BF61-3F2E03B4E0F4}.Debug|Mixed Platforms.ActiveCfg = Debug|x86
		{57CDE6CD-8F93-4B5D-BF61-3F2E03B4E0F4}.Debug|Mixed Platforms.Build.0 = Debug|x86
		{57CDE6CD-8F93-4B5D-BF61-3F2E03B4E0F4}.Debug|x86.ActiveCfg = Debug|x86
		{57CDE6CD-8F93-4B5D-BF61-3F2E03B4E0F4}.Debug|x86.Build.0 = Debug|x86
		{57CDE6CD-8F93-4B5D-BF61-3F2E03B4E0F4}.Release|Any CPU.ActiveCfg = Release|x86
		{57CDE6CD-8F93-4B5D-BF61-3F2E03B4E0F4}.Release|Mixed Platforms.ActiveCfg = Release|x86
		{57CDE6CD-8F93-4B5D-BF61-3F2E03B4E0F4}.Release|Mixed Platforms.Build.0 = Release|x86
		{57CDE6CD-8F93-4B5D-BF61-3F2E03B4E0F4}.Release|x86.ActiveCfg = Release|x86
		{57CDE6CD-8F93-4B5D-BF61-3F2E03B4E0F4}.Release|x86.Build.0 = Release|x86
		{0A50C219-52A4-4C7A-8380-D9390EE17CF3}.Debug|Any CPU.ActiveCfg = Debug|Any CPU
		{0A50C219-52A4-4C7A-8380-D9390EE17CF3}.Debug|Any CPU.Build.0 = Debug|Any CPU
		{0A50C219-52A4-4C7A-8380-D9390EE17CF3}.Debug|Mixed Platforms.ActiveCfg = Debug|Any CPU
		{0A50C219-52A4-4C7A-8380-D9390EE17CF3}.Debug|Mixed Platforms.Build.0 = Debug|Any CPU
		{0A50C219-52A4-4C7A-8380-D9390EE17CF3}.Debug|x86.ActiveCfg = Debug|Any CPU
		{0A50C219-52A4-4C7A-8380-D9390EE17CF3}.Release|Any CPU.ActiveCfg = Release|Any CPU
		{0A50C219-52A4-4C7A-8380-D9390EE17CF3}.Release|Any CPU.Build.0 = Release|Any CPU
		{0A50C219-52A4-4C7A-8380-D9390EE17CF3}.Release|Mixed Platforms.ActiveCfg = Release|Any CPU
		{0A50C219-52A4-4C7A-8380-D9390EE17CF3}.Release|Mixed Platforms.Build.0 = Release|Any CPU
		{0A50C219-52A4-4C7A-8380-D9390EE17CF3}.Release|x86.ActiveCfg = Release|Any CPU
		{32548805-ACBE-4EB6-8B4E-6FF1283C0BDB}.Debug|Any CPU.ActiveCfg = Debug|Any CPU
		{32548805-ACBE-4EB6-8B4E-6FF1283C0BDB}.Debug|Any CPU.Build.0 = Debug|Any CPU
		{32548805-ACBE-4EB6-8B4E-6FF1283C0BDB}.Debug|Mixed Platforms.ActiveCfg = Debug|Any CPU
		{32548805-ACBE-4EB6-8B4E-6FF1283C0BDB}.Debug|Mixed Platforms.Build.0 = Debug|Any CPU
		{32548805-ACBE-4EB6-8B4E-6FF1283C0BDB}.Debug|x86.ActiveCfg = Debug|Any CPU
		{32548805-ACBE-4EB6-8B4E-6FF1283C0BDB}.Debug|x86.Build.0 = Debug|Any CPU
		{32548805-ACBE-4EB6-8B4E-6FF1283C0BDB}.Release|Any CPU.ActiveCfg = Release|Any CPU
		{32548805-ACBE-4EB6-8B4E-6FF1283C0BDB}.Release|Any CPU.Build.0 = Release|Any CPU
		{32548805-ACBE-4EB6-8B4E-6FF1283C0BDB}.Release|Mixed Platforms.ActiveCfg = Release|Any CPU
		{32548805-ACBE-4EB6-8B4E-6FF1283C0BDB}.Release|Mixed Platforms.Build.0 = Release|Any CPU
		{32548805-ACBE-4EB6-8B4E-6FF1283C0BDB}.Release|x86.ActiveCfg = Release|Any CPU
		{32548805-ACBE-4EB6-8B4E-6FF1283C0BDB}.Release|x86.Build.0 = Release|Any CPU
		{0D31B3C4-FFCF-4AF8-85E7-B0A80352BBC6}.Debug|Any CPU.ActiveCfg = Debug|Any CPU
		{0D31B3C4-FFCF-4AF8-85E7-B0A80352BBC6}.Debug|Any CPU.Build.0 = Debug|Any CPU
		{0D31B3C4-FFCF-4AF8-85E7-B0A80352BBC6}.Debug|Mixed Platforms.ActiveCfg = Debug|Any CPU
		{0D31B3C4-FFCF-4AF8-85E7-B0A80352BBC6}.Debug|Mixed Platforms.Build.0 = Debug|Any CPU
		{0D31B3C4-FFCF-4AF8-85E7-B0A80352BBC6}.Debug|x86.ActiveCfg = Debug|Any CPU
		{0D31B3C4-FFCF-4AF8-85E7-B0A80352BBC6}.Debug|x86.Build.0 = Debug|Any CPU
		{0D31B3C4-FFCF-4AF8-85E7-B0A80352BBC6}.Release|Any CPU.ActiveCfg = Release|Any CPU
		{0D31B3C4-FFCF-4AF8-85E7-B0A80352BBC6}.Release|Any CPU.Build.0 = Release|Any CPU
		{0D31B3C4-FFCF-4AF8-85E7-B0A80352BBC6}.Release|Mixed Platforms.ActiveCfg = Release|Any CPU
		{0D31B3C4-FFCF-4AF8-85E7-B0A80352BBC6}.Release|Mixed Platforms.Build.0 = Release|Any CPU
		{0D31B3C4-FFCF-4AF8-85E7-B0A80352BBC6}.Release|x86.ActiveCfg = Release|Any CPU
		{0D31B3C4-FFCF-4AF8-85E7-B0A80352BBC6}.Release|x86.Build.0 = Release|Any CPU
		{E9AE11C8-DE29-4BBB-9BA4-B83061545678}.Debug|Any CPU.ActiveCfg = Debug|Any CPU
		{E9AE11C8-DE29-4BBB-9BA4-B83061545678}.Debug|Any CPU.Build.0 = Debug|Any CPU
		{E9AE11C8-DE29-4BBB-9BA4-B83061545678}.Debug|Mixed Platforms.ActiveCfg = Debug|Any CPU
		{E9AE11C8-DE29-4BBB-9BA4-B83061545678}.Debug|Mixed Platforms.Build.0 = Debug|Any CPU
		{E9AE11C8-DE29-4BBB-9BA4-B83061545678}.Debug|x86.ActiveCfg = Debug|Any CPU
		{E9AE11C8-DE29-4BBB-9BA4-B83061545678}.Debug|x86.Build.0 = Debug|Any CPU
		{E9AE11C8-DE29-4BBB-9BA4-B83061545678}.Release|Any CPU.ActiveCfg = Release|Any CPU
		{E9AE11C8-DE29-4BBB-9BA4-B83061545678}.Release|Any CPU.Build.0 = Release|Any CPU
		{E9AE11C8-DE29-4BBB-9BA4-B83061545678}.Release|Mixed Platforms.ActiveCfg = Release|Any CPU
		{E9AE11C8-DE29-4BBB-9BA4-B83061545678}.Release|Mixed Platforms.Build.0 = Release|Any CPU
		{E9AE11C8-DE29-4BBB-9BA4-B83061545678}.Release|x86.ActiveCfg = Release|Any CPU
		{E9AE11C8-DE29-4BBB-9BA4-B83061545678}.Release|x86.Build.0 = Release|Any CPU
		{14A3686F-58BA-4E5D-9B78-F1BBC5296DED}.Debug|Any CPU.ActiveCfg = Debug|Any CPU
		{14A3686F-58BA-4E5D-9B78-F1BBC5296DED}.Debug|Any CPU.Build.0 = Debug|Any CPU
		{14A3686F-58BA-4E5D-9B78-F1BBC5296DED}.Debug|Mixed Platforms.ActiveCfg = Debug|Any CPU
		{14A3686F-58BA-4E5D-9B78-F1BBC5296DED}.Debug|Mixed Platforms.Build.0 = Debug|Any CPU
		{14A3686F-58BA-4E5D-9B78-F1BBC5296DED}.Debug|x86.ActiveCfg = Debug|Any CPU
		{14A3686F-58BA-4E5D-9B78-F1BBC5296DED}.Debug|x86.Build.0 = Debug|Any CPU
		{14A3686F-58BA-4E5D-9B78-F1BBC5296DED}.Release|Any CPU.ActiveCfg = Release|Any CPU
		{14A3686F-58BA-4E5D-9B78-F1BBC5296DED}.Release|Any CPU.Build.0 = Release|Any CPU
		{14A3686F-58BA-4E5D-9B78-F1BBC5296DED}.Release|Mixed Platforms.ActiveCfg = Release|Any CPU
		{14A3686F-58BA-4E5D-9B78-F1BBC5296DED}.Release|Mixed Platforms.Build.0 = Release|Any CPU
		{14A3686F-58BA-4E5D-9B78-F1BBC5296DED}.Release|x86.ActiveCfg = Release|Any CPU
		{14A3686F-58BA-4E5D-9B78-F1BBC5296DED}.Release|x86.Build.0 = Release|Any CPU
	EndGlobalSection
	GlobalSection(SolutionProperties) = preSolution
		HideSolutionNode = FALSE
	EndGlobalSection
	GlobalSection(TestCaseManagementSettings) = postSolution
		CategoryFile = Tank.vsmdi
	EndGlobalSection
EndGlobal
